
Microsoft Visual Studio Solution File, Format Version 12.00
# Visual Studio Version 17
VisualStudioVersion = 17.14.36623.8 d17.14
MinimumVisualStudioVersion = 10.0.40219.1
Project("{8BC9CEB8-8B4A-11D0-8D11-00A0C91BC942}") = "BankingSystem", "BankingSystem.vcxproj", "{11DE735E-EB91-4A0E-83AB-7FE562328F4A}"
EndProject
Global
	GlobalSection(SolutionConfigurationPlatforms) = preSolution
		Debug|x64 = Debug|x64
		Debug|x86 = Debug|x86
		Release|x64 = Release|x64
		Release|x86 = Release|x86
	EndGlobalSection
	GlobalSection(ProjectConfigurationPlatforms) = postSolution
		{11DE735E-EB91-4A0E-83AB-7FE562328F4A}.Debug|x64.ActiveCfg = Debug|x64
		{11DE735E-EB91-4A0E-83AB-7FE562328F4A}.Debug|x64.Build.0 = Debug|x64
		{11DE735E-EB91-4A0E-83AB-7FE562328F4A}.Debug|x86.ActiveCfg = Debug|Win32
		{11DE735E-EB91-4A0E-83AB-7FE562328F4A}.Debug|x86.Build.0 = Debug|Win32
		{11DE735E-EB91-4A0E-83AB-7FE562328F4A}.Release|x64.ActiveCfg = Release|x64
		{11DE735E-EB91-4A0E-83AB-7FE562328F4A}.Release|x64.Build.0 = Release|x64
		{11DE735E-EB91-4A0E-83AB-7FE562328F4A}.Release|x86.ActiveCfg = Release|Win32
		{11DE735E-EB91-4A0E-83AB-7FE562328F4A}.Release|x86.Build.0 = Release|Win32
	EndGlobalSection
	GlobalSection(SolutionProperties) = preSolution
		HideSolutionNode = FALSE
	EndGlobalSection
	GlobalSection(ExtensibilityGlobals) = postSolution
		SolutionGuid = {2D3113A1-688D-491A-B346-EFFC60051AF9}
	EndGlobalSection
EndGlobal
